
Microsoft Visual Studio Solution File, Format Version 12.00
# Visual Studio Version 16
VisualStudioVersion = 16.0.31025.194
MinimumVisualStudioVersion = 10.0.40219.1
Project("{FAE04EC0-301F-11D3-BF4B-00C04F79EFBC}") = "IATD3", "IATD3\IATD3.csproj", "{E2C40D57-7499-42FD-802C-146483A7B102}"
EndProject
Project("{FAE04EC0-301F-11D3-BF4B-00C04F79EFBC}") = "IATD3Tests", "IATD3Tests\IATD3Tests.csproj", "{AF85D94C-25D6-4CE7-BAF9-67CF0C79A560}"
EndProject
Project("{2150E333-8FDC-42A3-9474-1A3956D46DE8}") = "Solution Items", "Solution Items", "{1FFC9C97-914E-4F13-A2C6-195FDAECC9FD}"
	ProjectSection(SolutionItems) = preProject
		IATD3\facts.xml = IATD3\facts.xml
	EndProjectSection
EndProject
Global
	GlobalSection(SolutionConfigurationPlatforms) = preSolution
		Debug|Any CPU = Debug|Any CPU
		Release|Any CPU = Release|Any CPU
	EndGlobalSection
	GlobalSection(ProjectConfigurationPlatforms) = postSolution
		{E2C40D57-7499-42FD-802C-146483A7B102}.Debug|Any CPU.ActiveCfg = Debug|Any CPU
		{E2C40D57-7499-42FD-802C-146483A7B102}.Debug|Any CPU.Build.0 = Debug|Any CPU
		{E2C40D57-7499-42FD-802C-146483A7B102}.Release|Any CPU.ActiveCfg = Release|Any CPU
		{E2C40D57-7499-42FD-802C-146483A7B102}.Release|Any CPU.Build.0 = Release|Any CPU
		{AF85D94C-25D6-4CE7-BAF9-67CF0C79A560}.Debug|Any CPU.ActiveCfg = Debug|Any CPU
		{AF85D94C-25D6-4CE7-BAF9-67CF0C79A560}.Debug|Any CPU.Build.0 = Debug|Any CPU
		{AF85D94C-25D6-4CE7-BAF9-67CF0C79A560}.Release|Any CPU.ActiveCfg = Release|Any CPU
		{AF85D94C-25D6-4CE7-BAF9-67CF0C79A560}.Release|Any CPU.Build.0 = Release|Any CPU
	EndGlobalSection
	GlobalSection(SolutionProperties) = preSolution
		HideSolutionNode = FALSE
	EndGlobalSection
	GlobalSection(ExtensibilityGlobals) = postSolution
		SolutionGuid = {7306114E-3126-44DD-9F11-240EDCD5C9DB}
	EndGlobalSection
EndGlobal
